
Microsoft Visual Studio Solution File, Format Version 12.00
# Visual Studio Version 16
VisualStudioVersion = 16.0.30524.135
MinimumVisualStudioVersion = 10.0.40219.1
Project("{FAE04EC0-301F-11D3-BF4B-00C04F79EFBC}") = "Nine", "Nine\Nine.csproj", "{8E624FD9-DB89-4F78-B6AF-09288BD65D7D}"
EndProject
Global
	GlobalSection(SolutionConfigurationPlatforms) = preSolution
		Debug|Any CPU = Debug|Any CPU
		Release|Any CPU = Release|Any CPU
	EndGlobalSection
	GlobalSection(ProjectConfigurationPlatforms) = postSolution
		{8E624FD9-DB89-4F78-B6AF-09288BD65D7D}.Debug|Any CPU.ActiveCfg = Debug|Any CPU
		{8E624FD9-DB89-4F78-B6AF-09288BD65D7D}.Debug|Any CPU.Build.0 = Debug|Any CPU
		{8E624FD9-DB89-4F78-B6AF-09288BD65D7D}.Release|Any CPU.ActiveCfg = Release|Any CPU
		{8E624FD9-DB89-4F78-B6AF-09288BD65D7D}.Release|Any CPU.Build.0 = Release|Any CPU
	EndGlobalSection
	GlobalSection(SolutionProperties) = preSolution
		HideSolutionNode = FALSE
	EndGlobalSection
	GlobalSection(ExtensibilityGlobals) = postSolution
		SolutionGuid = {6FD2EBDB-4525-4E99-AA14-D5FBD747E07E}
	EndGlobalSection
EndGlobal
